Microsoft Visual Studio Solution File, Format Version 12.00
# Visual Studio Version 17
VisualStudioVersion = 17.5.2.0
MinimumVisualStudioVersion = 10.0.40219.1
Project("{FAE04EC0-301F-11D3-BF4B-00C04F79EFBC}") = "SemanticSearch.Api", "SemanticSearch.Api.csproj", "{F1F0B1CE-9C9C-3B4B-14D6-0C21CEF22536}"
EndProject
Global
	GlobalSection(SolutionConfigurationPlatforms) = preSolution
		Debug|Any CPU = Debug|Any CPU
		Release|Any CPU = Release|Any CPU
	EndGlobalSection
	GlobalSection(ProjectConfigurationPlatforms) = postSolution
		{F1F0B1CE-9C9C-3B4B-14D6-0C21CEF22536}.Debug|Any CPU.ActiveCfg = Debug|Any CPU
		{F1F0B1CE-9C9C-3B4B-14D6-0C21CEF22536}.Debug|Any CPU.Build.0 = Debug|Any CPU
		{F1F0B1CE-9C9C-3B4B-14D6-0C21CEF22536}.Release|Any CPU.ActiveCfg = Release|Any CPU
		{F1F0B1CE-9C9C-3B4B-14D6-0C21CEF22536}.Release|Any CPU.Build.0 = Release|Any CPU
	EndGlobalSection
	GlobalSection(SolutionProperties) = preSolution
		HideSolutionNode = FALSE
	EndGlobalSection
	GlobalSection(ExtensibilityGlobals) = postSolution
		SolutionGuid = {E97AB840-2FE5-4E85-B014-16C8BEF76012}
	EndGlobalSection
EndGlobal
